
Microsoft Visual Studio Solution File, Format Version 12.00
Project("{FAE04EC0-301F-11D3-BF4B-00C04F79EFBC}") = "Codibly.Services.Mailer.Host", "Codibly.Services.Mailer.Host\Codibly.Services.Mailer.Host.csproj", "{66383C59-46BC-447A-8D03-E6EED85C6458}"
EndProject
Project("{FAE04EC0-301F-11D3-BF4B-00C04F79EFBC}") = "Codibly.Services.Mailer.Domain", "Codibly.Services.Mailer.Domain\Codibly.Services.Mailer.Domain.csproj", "{0BEBC4AC-C57E-48CC-8D10-1DF6FA5527B6}"
EndProject
Project("{FAE04EC0-301F-11D3-BF4B-00C04F79EFBC}") = "Codibly.Services.Mailer.Tests", "Codibly.Services.Mailer.Tests\Codibly.Services.Mailer.Tests.csproj", "{44166540-BCFE-418D-ABAB-18F62664FCF8}"
EndProject
Project("{FAE04EC0-301F-11D3-BF4B-00C04F79EFBC}") = "Codibly.Services.Mailer.Application", "Codibly.Services.Mailer.Application\Codibly.Services.Mailer.Application.csproj", "{F3E54E63-DBCB-457A-B1E5-740997F650FB}"
EndProject
Global
	GlobalSection(SolutionConfigurationPlatforms) = preSolution
		Debug|Any CPU = Debug|Any CPU
		Release|Any CPU = Release|Any CPU
	EndGlobalSection
	GlobalSection(ProjectConfigurationPlatforms) = postSolution
		{66383C59-46BC-447A-8D03-E6EED85C6458}.Debug|Any CPU.ActiveCfg = Debug|Any CPU
		{66383C59-46BC-447A-8D03-E6EED85C6458}.Debug|Any CPU.Build.0 = Debug|Any CPU
		{66383C59-46BC-447A-8D03-E6EED85C6458}.Release|Any CPU.ActiveCfg = Release|Any CPU
		{66383C59-46BC-447A-8D03-E6EED85C6458}.Release|Any CPU.Build.0 = Release|Any CPU
		{0BEBC4AC-C57E-48CC-8D10-1DF6FA5527B6}.Debug|Any CPU.ActiveCfg = Debug|Any CPU
		{0BEBC4AC-C57E-48CC-8D10-1DF6FA5527B6}.Debug|Any CPU.Build.0 = Debug|Any CPU
		{0BEBC4AC-C57E-48CC-8D10-1DF6FA5527B6}.Release|Any CPU.ActiveCfg = Release|Any CPU
		{0BEBC4AC-C57E-48CC-8D10-1DF6FA5527B6}.Release|Any CPU.Build.0 = Release|Any CPU
		{44166540-BCFE-418D-ABAB-18F62664FCF8}.Debug|Any CPU.ActiveCfg = Debug|Any CPU
		{44166540-BCFE-418D-ABAB-18F62664FCF8}.Debug|Any CPU.Build.0 = Debug|Any CPU
		{44166540-BCFE-418D-ABAB-18F62664FCF8}.Release|Any CPU.ActiveCfg = Release|Any CPU
		{44166540-BCFE-418D-ABAB-18F62664FCF8}.Release|Any CPU.Build.0 = Release|Any CPU
		{F3E54E63-DBCB-457A-B1E5-740997F650FB}.Debug|Any CPU.ActiveCfg = Debug|Any CPU
		{F3E54E63-DBCB-457A-B1E5-740997F650FB}.Debug|Any CPU.Build.0 = Debug|Any CPU
		{F3E54E63-DBCB-457A-B1E5-740997F650FB}.Release|Any CPU.ActiveCfg = Release|Any CPU
		{F3E54E63-DBCB-457A-B1E5-740997F650FB}.Release|Any CPU.Build.0 = Release|Any CPU
	EndGlobalSection
EndGlobal
